// !$*UTF8*$!
{
	archiveVersion = 1;
	classes = {
	};
	objectVersion = 46;
	objects = {

/* Begin PBXBuildFile section */
		540723DB0E3DD25B00B598A2 /* MainWindow.xib in Resources */ = {isa = PBXBuildFile; fileRef = 28AD733E0D9D9553002E5188 /* MainWindow.xib */; };
		540723DC0E3DD25B00B598A2 /* lena.jpg in Resources */ = {isa = PBXBuildFile; fileRef = 5452E0090E3D08AA00FE4518 /* lena.jpg */; };
		540723DE0E3DD25B00B598A2 /* main.m in Sources */ = {isa = PBXBuildFile; fileRef = 29B97316FDCFA39411CA2CEA /* main.m */; };
		540723DF0E3DD25B00B598A2 /* OpenCVTestAppDelegate.m in Sources */ = {isa = PBXBuildFile; fileRef = 1D3623250D0F684500981E51 /* OpenCVTestAppDelegate.m */; };
		540723E00E3DD25B00B598A2 /* OpenCVTestViewController.m in Sources */ = {isa = PBXBuildFile; fileRef = 28D7ACF70DDB3853001CB0EB /* OpenCVTestViewController.m */; };
		540723E20E3DD25B00B598A2 /* Foundation.framework in Frameworks */ = {isa = PBXBuildFile; fileRef = 1D30AB110D05D00D00671497 /* Foundation.framework */; };
		540723E30E3DD25B00B598A2 /* UIKit.framework in Frameworks */ = {isa = PBXBuildFile; fileRef = 1DF5F4DF0D08C38300B7A737 /* UIKit.framework */; };
		540723E40E3DD25B00B598A2 /* CoreGraphics.framework in Frameworks */ = {isa = PBXBuildFile; fileRef = 5452E0730E3D119700FE4518 /* CoreGraphics.framework */; };
		540ABCF60E3E280700E30885 /* Icon_57.png in Resources */ = {isa = PBXBuildFile; fileRef = 540ABCF50E3E280700E30885 /* Icon_57.png */; };
		543DC7641323FA0C00AB7DCD /* Icon_114.png in Resources */ = {isa = PBXBuildFile; fileRef = 543DC7631323FA0C00AB7DCD /* Icon_114.png */; };
		543DC7881323FD1300AB7DCD /* Default@2x.png in Resources */ = {isa = PBXBuildFile; fileRef = 543DC7871323FD1300AB7DCD /* Default@2x.png */; };
		543DC78A1323FD1C00AB7DCD /* Icon_72.png in Resources */ = {isa = PBXBuildFile; fileRef = 543DC7891323FD1C00AB7DCD /* Icon_72.png */; };
		549913C70E3E3D2100BD1311 /* Default.png in Resources */ = {isa = PBXBuildFile; fileRef = 549913C60E3E3D2100BD1311 /* Default.png */; };
		54BBAF3D0F04148D00568ED9 /* Tink.aiff in Resources */ = {isa = PBXBuildFile; fileRef = 54BBAF3C0F04148D00568ED9 /* Tink.aiff */; };
		54BBAF4F0F0414C200568ED9 /* AudioToolbox.framework in Frameworks */ = {isa = PBXBuildFile; fileRef = 54BBAF4E0F0414C200568ED9 /* AudioToolbox.framework */; };
		54ED862C123C4A8B00ED9656 /* Accelerate.framework in Frameworks */ = {isa = PBXBuildFile; fileRef = 54ED862B123C4A8B00ED9656 /* Accelerate.framework */; };
		54FC5BDE0E3EB3EB00F48645 /* laughing_man.png in Resources */ = {isa = PBXBuildFile; fileRef = 54FC5BDD0E3EB3EB00F48645 /* laughing_man.png */; };
		FA735C6F146650B300231CAD /* UIImage+OpenCV.m in Sources */ = {isa = PBXBuildFile; fileRef = FA735C6E146650B300231CAD /* UIImage+OpenCV.m */; };
		FA97765B14652DC100A36BEE /* libopencv_calib3d.a in Frameworks */ = {isa = PBXBuildFile; fileRef = FA9775CC146523FD00A36BEE /* libopencv_calib3d.a */; };
		FA97765C14652DC100A36BEE /* libopencv_contrib.a in Frameworks */ = {isa = PBXBuildFile; fileRef = FA9775DA146523FD00A36BEE /* libopencv_contrib.a */; };
		FA97765D14652DC100A36BEE /* libopencv_core.a in Frameworks */ = {isa = PBXBuildFile; fileRef = FA9775CE146523FD00A36BEE /* libopencv_core.a */; };
		FA97765E14652DC100A36BEE /* libopencv_features2d.a in Frameworks */ = {isa = PBXBuildFile; fileRef = FA9775D0146523FD00A36BEE /* libopencv_features2d.a */; };
		FA97765F14652DC100A36BEE /* libopencv_flann.a in Frameworks */ = {isa = PBXBuildFile; fileRef = FA9775D2146523FD00A36BEE /* libopencv_flann.a */; };
		FA97766014652DC100A36BEE /* libopencv_gpu.a in Frameworks */ = {isa = PBXBuildFile; fileRef = FA9775E4146523FD00A36BEE /* libopencv_gpu.a */; };
		FA97766114652DC100A36BEE /* libopencv_haartraining_engine.a in Frameworks */ = {isa = PBXBuildFile; fileRef = FA9775E2146523FD00A36BEE /* libopencv_haartraining_engine.a */; };
		FA97766214652DC100A36BEE /* libopencv_imgproc.a in Frameworks */ = {isa = PBXBuildFile; fileRef = FA9775D6146523FD00A36BEE /* libopencv_imgproc.a */; };
		FA97766314652DC100A36BEE /* libopencv_legacy.a in Frameworks */ = {isa = PBXBuildFile; fileRef = FA9775D8146523FD00A36BEE /* libopencv_legacy.a */; };
		FA97766414652DC100A36BEE /* libopencv_ml.a in Frameworks */ = {isa = PBXBuildFile; fileRef = FA9775DC146523FD00A36BEE /* libopencv_ml.a */; };
		FA97766514652DC100A36BEE /* libopencv_objdetect.a in Frameworks */ = {isa = PBXBuildFile; fileRef = FA9775DE146523FD00A36BEE /* libopencv_objdetect.a */; };
		FA97766614652DC100A36BEE /* libopencv_ts.a in Frameworks */ = {isa = PBXBuildFile; fileRef = FA9775D4146523FD00A36BEE /* libopencv_ts.a */; };
		FA97766714652DC100A36BEE /* libopencv_video.a in Frameworks */ = {isa = PBXBuildFile; fileRef = FA9775E0146523FD00A36BEE /* libopencv_video.a */; };
		FAD233CC146534A800CA4B7B /* haarcascade_frontalface_default.xml in Resources */ = {isa = PBXBuildFile; fileRef = FAD233CB146534A800CA4B7B /* haarcascade_frontalface_default.xml */; };
/* End PBXBuildFile section */

/* Begin PBXContainerItemProxy section */
		FA9775CB146523FD00A36BEE /* PBXContainerItemProxy */ = {
			isa = PBXContainerItemProxy;
			containerPortal = FA9775B3146523FC00A36BEE /* OpenCV.xcodeproj */;
			proxyType = 2;
			remoteGlobalIDString = 4562162298BE4457B5276012;
			remoteInfo = opencv_calib3d;
		};
		FA9775CD146523FD00A36BEE /* PBXContainerItemProxy */ = {
			isa = PBXContainerItemProxy;
			containerPortal = FA9775B3146523FC00A36BEE /* OpenCV.xcodeproj */;
			proxyType = 2;
			remoteGlobalIDString = B02E36B7CBEF49BC8321F8C1;
			remoteInfo = opencv_core;
		};
		FA9775CF146523FD00A36BEE /* PBXContainerItemProxy */ = {
			isa = PBXContainerItemProxy;
			containerPortal = FA9775B3146523FC00A36BEE /* OpenCV.xcodeproj */;
			proxyType = 2;
			remoteGlobalIDString = F4D427D56AF042FDB4CBD1FC;
			remoteInfo = opencv_features2d;
		};
		FA9775D1146523FD00A36BEE /* PBXContainerItemProxy */ = {
			isa = PBXContainerItemProxy;
			containerPortal = FA9775B3146523FC00A36BEE /* OpenCV.xcodeproj */;
			proxyType = 2;
			remoteGlobalIDString = 3D639BE64C0048B1BA575565;
			remoteInfo = opencv_flann;
		};
		FA9775D3146523FD00A36BEE /* PBXContainerItemProxy */ = {
			isa = PBXContainerItemProxy;
			containerPortal = FA9775B3146523FC00A36BEE /* OpenCV.xcodeproj */;
			proxyType = 2;
			remoteGlobalIDString = 1DF616F645CB491693AF8667;
			remoteInfo = opencv_ts;
		};
		FA9775D5146523FD00A36BEE /* PBXContainerItemProxy */ = {
			isa = PBXContainerItemProxy;
			containerPortal = FA9775B3146523FC00A36BEE /* OpenCV.xcodeproj */;
			proxyType = 2;
			remoteGlobalIDString = 925216C50F844970B9A93799;
			remoteInfo = opencv_imgproc;
		};
		FA9775D7146523FD00A36BEE /* PBXContainerItemProxy */ = {
			isa = PBXContainerItemProxy;
			containerPortal = FA9775B3146523FC00A36BEE /* OpenCV.xcodeproj */;
			proxyType = 2;
			remoteGlobalIDString = F1BB7C09D4614629940311CF;
			remoteInfo = opencv_legacy;
		};
		FA9775D9146523FD00A36BEE /* PBXContainerItemProxy */ = {
			isa = PBXContainerItemProxy;
			containerPortal = FA9775B3146523FC00A36BEE /* OpenCV.xcodeproj */;
			proxyType = 2;
			remoteGlobalIDString = BB1C081DF9204F7EB2AECB81;
			remoteInfo = opencv_contrib;
		};
		FA9775DB146523FD00A36BEE /* PBXContainerItemProxy */ = {
			isa = PBXContainerItemProxy;
			containerPortal = FA9775B3146523FC00A36BEE /* OpenCV.xcodeproj */;
			proxyType = 2;
			remoteGlobalIDString = AB81829BA2E948C3AF6E720D;
			remoteInfo = opencv_ml;
		};
		FA9775DD146523FD00A36BEE /* PBXContainerItemProxy */ = {
			isa = PBXContainerItemProxy;
			containerPortal = FA9775B3146523FC00A36BEE /* OpenCV.xcodeproj */;
			proxyType = 2;
			remoteGlobalIDString = D6B51E367FC04AF4BC8F4561;
			remoteInfo = opencv_objdetect;
		};
		FA9775DF146523FD00A36BEE /* PBXContainerItemProxy */ = {
			isa = PBXContainerItemProxy;
			containerPortal = FA9775B3146523FC00A36BEE /* OpenCV.xcodeproj */;
			proxyType = 2;
			remoteGlobalIDString = 729BF2F7FCDB4BF594D84982;
			remoteInfo = opencv_video;
		};
		FA9775E1146523FD00A36BEE /* PBXContainerItemProxy */ = {
			isa = PBXContainerItemProxy;
			containerPortal = FA9775B3146523FC00A36BEE /* OpenCV.xcodeproj */;
			proxyType = 2;
			remoteGlobalIDString = 7BBC536462B1486C8C22D91B;
			remoteInfo = opencv_haartraining_engine;
		};
		FA9775E3146523FD00A36BEE /* PBXContainerItemProxy */ = {
			isa = PBXContainerItemProxy;
			containerPortal = FA9775B3146523FC00A36BEE /* OpenCV.xcodeproj */;
			proxyType = 2;
			remoteGlobalIDString = E17320A70E2642648939E094;
			remoteInfo = opencv_gpu;
		};
/* End PBXContainerItemProxy section */

/* Begin PBXFileReference section */
		1D30AB110D05D00D00671497 /* Foundation.framework */ = {isa = PBXFileReference; lastKnownFileType = wrapper.framework; name = Foundation.framework; path = System/Library/Frameworks/Foundation.framework; sourceTree = SDKROOT; };
		1D3623240D0F684500981E51 /* OpenCVTestAppDelegate.h */ = {isa = PBXFileReference; fileEncoding = 4; lastKnownFileType = sourcecode.c.h; path = OpenCVTestAppDelegate.h; sourceTree = "<group>"; };
		1D3623250D0F684500981E51 /* OpenCVTestAppDelegate.m */ = {isa = PBXFileReference; fileEncoding = 4; lastKnownFileType = sourcecode.c.objc; path = OpenCVTestAppDelegate.m; sourceTree = "<group>"; };
		1DF5F4DF0D08C38300B7A737 /* UIKit.framework */ = {isa = PBXFileReference; lastKnownFileType = wrapper.framework; name = UIKit.framework; path = System/Library/Frameworks/UIKit.framework; sourceTree = SDKROOT; };
		28AD733E0D9D9553002E5188 /* MainWindow.xib */ = {isa = PBXFileReference; lastKnownFileType = file.xib; path = MainWindow.xib; sourceTree = "<group>"; };
		28D7ACF60DDB3853001CB0EB /* OpenCVTestViewController.h */ = {isa = PBXFileReference; fileEncoding = 4; lastKnownFileType = sourcecode.c.h; path = OpenCVTestViewController.h; sourceTree = "<group>"; };
		28D7ACF70DDB3853001CB0EB /* OpenCVTestViewController.m */ = {isa = PBXFileReference; fileEncoding = 4; lastKnownFileType = sourcecode.c.objc; path = OpenCVTestViewController.m; sourceTree = "<group>"; };
		29B97316FDCFA39411CA2CEA /* main.m */ = {isa = PBXFileReference; fileEncoding = 4; lastKnownFileType = sourcecode.c.objc; path = main.m; sourceTree = "<group>"; };
		32CA4F630368D1EE00C91783 /* OpenCVTest_Prefix.pch */ = {isa = PBXFileReference; fileEncoding = 4; lastKnownFileType = sourcecode.c.h; path = OpenCVTest_Prefix.pch; sourceTree = "<group>"; };
		540723ED0E3DD25B00B598A2 /* OpenCVTest.app */ = {isa = PBXFileReference; explicitFileType = wrapper.application; includeInIndex = 0; path = OpenCVTest.app; sourceTree = BUILT_PRODUCTS_DIR; };
		540ABCF50E3E280700E30885 /* Icon_57.png */ = {isa = PBXFileReference; lastKnownFileType = image.png; path = Icon_57.png; sourceTree = "<group>"; };
		543DC7631323FA0C00AB7DCD /* Icon_114.png */ = {isa = PBXFileReference; lastKnownFileType = image.png; path = Icon_114.png; sourceTree = "<group>"; };
		543DC7871323FD1300AB7DCD /* Default@2x.png */ = {isa = PBXFileReference; lastKnownFileType = image.png; path = "Default@2x.png"; sourceTree = "<group>"; };
		543DC7891323FD1C00AB7DCD /* Icon_72.png */ = {isa = PBXFileReference; lastKnownFileType = image.png; path = Icon_72.png; sourceTree = "<group>"; };
		5452E0090E3D08AA00FE4518 /* lena.jpg */ = {isa = PBXFileReference; lastKnownFileType = image.jpeg; path = lena.jpg; sourceTree = "<group>"; };
		5452E0730E3D119700FE4518 /* CoreGraphics.framework */ = {isa = PBXFileReference; lastKnownFileType = wrapper.framework; name = CoreGraphics.framework; path = System/Library/Frameworks/CoreGraphics.framework; sourceTree = SDKROOT; };
		549913C60E3E3D2100BD1311 /* Default.png */ = {isa = PBXFileReference; lastKnownFileType = image.png; path = Default.png; sourceTree = "<group>"; };
		54BBAF3C0F04148D00568ED9 /* Tink.aiff */ = {isa = PBXFileReference; lastKnownFileType = audio.aiff; path = Tink.aiff; sourceTree = "<group>"; };
		54BBAF4E0F0414C200568ED9 /* AudioToolbox.framework */ = {isa = PBXFileReference; lastKnownFileType = wrapper.framework; name = AudioToolbox.framework; path = System/Library/Frameworks/AudioToolbox.framework; sourceTree = SDKROOT; };
		54ED862B123C4A8B00ED9656 /* Accelerate.framework */ = {isa = PBXFileReference; lastKnownFileType = wrapper.framework; name = Accelerate.framework; path = System/Library/Frameworks/Accelerate.framework; sourceTree = SDKROOT; };
		54FC5BDD0E3EB3EB00F48645 /* laughing_man.png */ = {isa = PBXFileReference; lastKnownFileType = image.png; path = laughing_man.png; sourceTree = "<group>"; };
		8D1107310486CEB800E47090 /* Info.plist */ = {isa = PBXFileReference; fileEncoding = 4; lastKnownFileType = text.plist.xml; path = Info.plist; sourceTree = "<group>"; };
		FA735C6D146650B300231CAD /* UIImage+OpenCV.h */ = {isa = PBXFileReference; fileEncoding = 4; lastKnownFileType = sourcecode.c.h; path = "UIImage+OpenCV.h"; sourceTree = "<group>"; };
		FA735C6E146650B300231CAD /* UIImage+OpenCV.m */ = {isa = PBXFileReference; fileEncoding = 4; lastKnownFileType = sourcecode.c.objc; path = "UIImage+OpenCV.m"; sourceTree = "<group>"; };
		FA9775B3146523FC00A36BEE /* OpenCV.xcodeproj */ = {isa = PBXFileReference; lastKnownFileType = "wrapper.pb-project"; name = OpenCV.xcodeproj; path = "../../../../Users/alex/Downloads/OpenCV-2.3.1/build_with_xcode/OpenCV.xcodeproj"; sourceTree = "<group>"; };
		FAD233CB146534A800CA4B7B /* haarcascade_frontalface_default.xml */ = {isa = PBXFileReference; fileEncoding = 4; lastKnownFileType = text.xml; path = haarcascade_frontalface_default.xml; sourceTree = "<group>"; };
/* End PBXFileReference section */

/* Begin PBXFrameworksBuildPhase section */
		540723E10E3DD25B00B598A2 /* Frameworks */ = {
			isa = PBXFrameworksBuildPhase;
			buildActionMask = 2147483647;
			files = (
				FA97765B14652DC100A36BEE /* libopencv_calib3d.a in Frameworks */,
				FA97765C14652DC100A36BEE /* libopencv_contrib.a in Frameworks */,
				FA97765D14652DC100A36BEE /* libopencv_core.a in Frameworks */,
				FA97765E14652DC100A36BEE /* libopencv_features2d.a in Frameworks */,
				FA97765F14652DC100A36BEE /* libopencv_flann.a in Frameworks */,
				FA97766014652DC100A36BEE /* libopencv_gpu.a in Frameworks */,
				FA97766114652DC100A36BEE /* libopencv_haartraining_engine.a in Frameworks */,
				FA97766214652DC100A36BEE /* libopencv_imgproc.a in Frameworks */,
				FA97766314652DC100A36BEE /* libopencv_legacy.a in Frameworks */,
				FA97766414652DC100A36BEE /* libopencv_ml.a in Frameworks */,
				FA97766514652DC100A36BEE /* libopencv_objdetect.a in Frameworks */,
				FA97766614652DC100A36BEE /* libopencv_ts.a in Frameworks */,
				FA97766714652DC100A36BEE /* libopencv_video.a in Frameworks */,
				540723E20E3DD25B00B598A2 /* Foundation.framework in Frameworks */,
				540723E30E3DD25B00B598A2 /* UIKit.framework in Frameworks */,
				540723E40E3DD25B00B598A2 /* CoreGraphics.framework in Frameworks */,
				54BBAF4F0F0414C200568ED9 /* AudioToolbox.framework in Frameworks */,
				54ED862C123C4A8B00ED9656 /* Accelerate.framework in Frameworks */,
			);
			runOnlyForDeploymentPostprocessing = 0;
		};
/* End PBXFrameworksBuildPhase section */

/* Begin PBXGroup section */
		080E96DDFE201D6D7F000001 /* Classes */ = {
			isa = PBXGroup;
			children = (
				1D3623240D0F684500981E51 /* OpenCVTestAppDelegate.h */,
				1D3623250D0F684500981E51 /* OpenCVTestAppDelegate.m */,
				28D7ACF60DDB3853001CB0EB /* OpenCVTestViewController.h */,
				28D7ACF70DDB3853001CB0EB /* OpenCVTestViewController.m */,
				FA735C6D146650B300231CAD /* UIImage+OpenCV.h */,
				FA735C6E146650B300231CAD /* UIImage+OpenCV.m */,
			);
			path = Classes;
			sourceTree = "<group>";
		};
		19C28FACFE9D520D11CA2CBB /* Products */ = {
			isa = PBXGroup;
			children = (
				540723ED0E3DD25B00B598A2 /* OpenCVTest.app */,
			);
			name = Products;
			sourceTree = "<group>";
		};
		29B97314FDCFA39411CA2CEA /* CustomTemplate */ = {
			isa = PBXGroup;
			children = (
				FA9775B3146523FC00A36BEE /* OpenCV.xcodeproj */,
				080E96DDFE201D6D7F000001 /* Classes */,
				29B97315FDCFA39411CA2CEA /* Other Sources */,
				29B97317FDCFA39411CA2CEA /* Resources */,
				29B97323FDCFA39411CA2CEA /* Frameworks */,
				19C28FACFE9D520D11CA2CBB /* Products */,
			);
			name = CustomTemplate;
			sourceTree = "<group>";
		};
		29B97315FDCFA39411CA2CEA /* Other Sources */ = {
			isa = PBXGroup;
			children = (
				8D1107310486CEB800E47090 /* Info.plist */,
				32CA4F630368D1EE00C91783 /* OpenCVTest_Prefix.pch */,
				29B97316FDCFA39411CA2CEA /* main.m */,
			);
			name = "Other Sources";
			sourceTree = "<group>";
		};
		29B97317FDCFA39411CA2CEA /* Resources */ = {
			isa = PBXGroup;
			children = (
				28AD733E0D9D9553002E5188 /* MainWindow.xib */,
				549913C60E3E3D2100BD1311 /* Default.png */,
				543DC7871323FD1300AB7DCD /* Default@2x.png */,
				540ABCF50E3E280700E30885 /* Icon_57.png */,
				543DC7891323FD1C00AB7DCD /* Icon_72.png */,
				543DC7631323FA0C00AB7DCD /* Icon_114.png */,
				5452E0090E3D08AA00FE4518 /* lena.jpg */,
				54FC5BDD0E3EB3EB00F48645 /* laughing_man.png */,
				54BBAF3C0F04148D00568ED9 /* Tink.aiff */,
				FAD233CB146534A800CA4B7B /* haarcascade_frontalface_default.xml */,
			);
			path = Resources;
			sourceTree = "<group>";
		};
		29B97323FDCFA39411CA2CEA /* Frameworks */ = {
			isa = PBXGroup;
			children = (
				54BBAF4E0F0414C200568ED9 /* AudioToolbox.framework */,
				5452E0730E3D119700FE4518 /* CoreGraphics.framework */,
				1DF5F4DF0D08C38300B7A737 /* UIKit.framework */,
				1D30AB110D05D00D00671497 /* Foundation.framework */,
				54ED862B123C4A8B00ED9656 /* Accelerate.framework */,
			);
			name = Frameworks;
			sourceTree = "<group>";
		};
		FA9775B4146523FC00A36BEE /* Products */ = {
			isa = PBXGroup;
			children = (
				FA9775CC146523FD00A36BEE /* libopencv_calib3d.a */,
				FA9775CE146523FD00A36BEE /* libopencv_core.a */,
				FA9775D0146523FD00A36BEE /* libopencv_features2d.a */,
				FA9775D2146523FD00A36BEE /* libopencv_flann.a */,
				FA9775D4146523FD00A36BEE /* libopencv_ts.a */,
				FA9775D6146523FD00A36BEE /* libopencv_imgproc.a */,
				FA9775D8146523FD00A36BEE /* libopencv_legacy.a */,
				FA9775DA146523FD00A36BEE /* libopencv_contrib.a */,
				FA9775DC146523FD00A36BEE /* libopencv_ml.a */,
				FA9775DE146523FD00A36BEE /* libopencv_objdetect.a */,
				FA9775E0146523FD00A36BEE /* libopencv_video.a */,
				FA9775E2146523FD00A36BEE /* libopencv_haartraining_engine.a */,
				FA9775E4146523FD00A36BEE /* libopencv_gpu.a */,
			);
			name = Products;
			sourceTree = "<group>";
		};
/* End PBXGroup section */

/* Begin PBXNativeTarget section */
		540723D90E3DD25B00B598A2 /* OpenCVTest */ = {
			isa = PBXNativeTarget;
			buildConfigurationList = 540723EA0E3DD25B00B598A2 /* Build configuration list for PBXNativeTarget "OpenCVTest" */;
			buildPhases = (
				540723DA0E3DD25B00B598A2 /* Resources */,
				540723DD0E3DD25B00B598A2 /* Sources */,
				540723E10E3DD25B00B598A2 /* Frameworks */,
			);
			buildRules = (
			);
			dependencies = (
			);
			name = OpenCVTest;
			productName = OpenCVTest;
			productReference = 540723ED0E3DD25B00B598A2 /* OpenCVTest.app */;
			productType = "com.apple.product-type.application";
		};
/* End PBXNativeTarget section */

/* Begin PBXProject section */
		29B97313FDCFA39411CA2CEA /* Project object */ = {
			isa = PBXProject;
			attributes = {
				LastUpgradeCheck = 0420;
			};
			buildConfigurationList = C01FCF4E08A954540054247B /* Build configuration list for PBXProject "OpenCVTest" */;
			compatibilityVersion = "Xcode 3.2";
			developmentRegion = English;
			hasScannedForEncodings = 1;
			knownRegions = (
				English,
				Japanese,
				French,
				German,
			);
			mainGroup = 29B97314FDCFA39411CA2CEA /* CustomTemplate */;
			projectDirPath = "";
			projectReferences = (
				{
					ProductGroup = FA9775B4146523FC00A36BEE /* Products */;
					ProjectRef = FA9775B3146523FC00A36BEE /* OpenCV.xcodeproj */;
				},
			);
			projectRoot = "";
			targets = (
				540723D90E3DD25B00B598A2 /* OpenCVTest */,
			);
		};
/* End PBXProject section */

/* Begin PBXReferenceProxy section */
		FA9775CC146523FD00A36BEE /* libopencv_calib3d.a */ = {
			isa = PBXReferenceProxy;
			fileType = archive.ar;
			path = libopencv_calib3d.a;
			remoteRef = FA9775CB146523FD00A36BEE /* PBXContainerItemProxy */;
			sourceTree = BUILT_PRODUCTS_DIR;
		};
		FA9775CE146523FD00A36BEE /* libopencv_core.a */ = {
			isa = PBXReferenceProxy;
			fileType = archive.ar;
			path = libopencv_core.a;
			remoteRef = FA9775CD146523FD00A36BEE /* PBXContainerItemProxy */;
			sourceTree = BUILT_PRODUCTS_DIR;
		};
		FA9775D0146523FD00A36BEE /* libopencv_features2d.a */ = {
			isa = PBXReferenceProxy;
			fileType = archive.ar;
			path = libopencv_features2d.a;
			remoteRef = FA9775CF146523FD00A36BEE /* PBXContainerItemProxy */;
			sourceTree = BUILT_PRODUCTS_DIR;
		};
		FA9775D2146523FD00A36BEE /* libopencv_flann.a */ = {
			isa = PBXReferenceProxy;
			fileType = archive.ar;
			path = libopencv_flann.a;
			remoteRef = FA9775D1146523FD00A36BEE /* PBXContainerItemProxy */;
			sourceTree = BUILT_PRODUCTS_DIR;
		};
		FA9775D4146523FD00A36BEE /* libopencv_ts.a */ = {
			isa = PBXReferenceProxy;
			fileType = archive.ar;
			path = libopencv_ts.a;
			remoteRef = FA9775D3146523FD00A36BEE /* PBXContainerItemProxy */;
			sourceTree = BUILT_PRODUCTS_DIR;
		};
		FA9775D6146523FD00A36BEE /* libopencv_imgproc.a */ = {
			isa = PBXReferenceProxy;
			fileType = archive.ar;
			path = libopencv_imgproc.a;
			remoteRef = FA9775D5146523FD00A36BEE /* PBXContainerItemProxy */;
			sourceTree = BUILT_PRODUCTS_DIR;
		};
		FA9775D8146523FD00A36BEE /* libopencv_legacy.a */ = {
			isa = PBXReferenceProxy;
			fileType = archive.ar;
			path = libopencv_legacy.a;
			remoteRef = FA9775D7146523FD00A36BEE /* PBXContainerItemProxy */;
			sourceTree = BUILT_PRODUCTS_DIR;
		};
		FA9775DA146523FD00A36BEE /* libopencv_contrib.a */ = {
			isa = PBXReferenceProxy;
			fileType = archive.ar;
			path = libopencv_contrib.a;
			remoteRef = FA9775D9146523FD00A36BEE /* PBXContainerItemProxy */;
			sourceTree = BUILT_PRODUCTS_DIR;
		};
		FA9775DC146523FD00A36BEE /* libopencv_ml.a */ = {
			isa = PBXReferenceProxy;
			fileType = archive.ar;
			path = libopencv_ml.a;
			remoteRef = FA9775DB146523FD00A36BEE /* PBXContainerItemProxy */;
			sourceTree = BUILT_PRODUCTS_DIR;
		};
		FA9775DE146523FD00A36BEE /* libopencv_objdetect.a */ = {
			isa = PBXReferenceProxy;
			fileType = archive.ar;
			path = libopencv_objdetect.a;
			remoteRef = FA9775DD146523FD00A36BEE /* PBXContainerItemProxy */;
			sourceTree = BUILT_PRODUCTS_DIR;
		};
		FA9775E0146523FD00A36BEE /* libopencv_video.a */ = {
			isa = PBXReferenceProxy;
			fileType = archive.ar;
			path = libopencv_video.a;
			remoteRef = FA9775DF146523FD00A36BEE /* PBXContainerItemProxy */;
			sourceTree = BUILT_PRODUCTS_DIR;
		};
		FA9775E2146523FD00A36BEE /* libopencv_haartraining_engine.a */ = {
			isa = PBXReferenceProxy;
			fileType = archive.ar;
			path = libopencv_haartraining_engine.a;
			remoteRef = FA9775E1146523FD00A36BEE /* PBXContainerItemProxy */;
			sourceTree = BUILT_PRODUCTS_DIR;
		};
		FA9775E4146523FD00A36BEE /* libopencv_gpu.a */ = {
			isa = PBXReferenceProxy;
			fileType = archive.ar;
			path = libopencv_gpu.a;
			remoteRef = FA9775E3146523FD00A36BEE /* PBXContainerItemProxy */;
			sourceTree = BUILT_PRODUCTS_DIR;
		};
/* End PBXReferenceProxy section */

/* Begin PBXResourcesBuildPhase section */
		540723DA0E3DD25B00B598A2 /* Resources */ = {
			isa = PBXResourcesBuildPhase;
			buildActionMask = 2147483647;
			files = (
				540723DB0E3DD25B00B598A2 /* MainWindow.xib in Resources */,
				540723DC0E3DD25B00B598A2 /* lena.jpg in Resources */,
				540ABCF60E3E280700E30885 /* Icon_57.png in Resources */,
				549913C70E3E3D2100BD1311 /* Default.png in Resources */,
				54FC5BDE0E3EB3EB00F48645 /* laughing_man.png in Resources */,
				54BBAF3D0F04148D00568ED9 /* Tink.aiff in Resources */,
				543DC7641323FA0C00AB7DCD /* Icon_114.png in Resources */,
				543DC7881323FD1300AB7DCD /* Default@2x.png in Resources */,
				543DC78A1323FD1C00AB7DCD /* Icon_72.png in Resources */,
				FAD233CC146534A800CA4B7B /* haarcascade_frontalface_default.xml in Resources */,
			);
			runOnlyForDeploymentPostprocessing = 0;
		};
/* End PBXResourcesBuildPhase section */

/* Begin PBXSourcesBuildPhase section */
		540723DD0E3DD25B00B598A2 /* Sources */ = {
			isa = PBXSourcesBuildPhase;
			buildActionMask = 2147483647;
			files = (
				540723DE0E3DD25B00B598A2 /* main.m in Sources */,
				540723DF0E3DD25B00B598A2 /* OpenCVTestAppDelegate.m in Sources */,
				540723E00E3DD25B00B598A2 /* OpenCVTestViewController.m in Sources */,
				FA735C6F146650B300231CAD /* UIImage+OpenCV.m in Sources */,
			);
			runOnlyForDeploymentPostprocessing = 0;
		};
/* End PBXSourcesBuildPhase section */

/* Begin XCBuildConfiguration section */
		540723EB0E3DD25B00B598A2 /* Debug */ = {
			isa = XCBuildConfiguration;
			buildSettings = {
				ALWAYS_SEARCH_USER_PATHS = NO;
				COPY_PHASE_STRIP = NO;
				GCC_DYNAMIC_NO_PIC = NO;
				GCC_OPTIMIZATION_LEVEL = 0;
				GCC_PRECOMPILE_PREFIX_HEADER = YES;
				GCC_PREFIX_HEADER = OpenCVTest_Prefix.pch;
				HEADER_SEARCH_PATHS = "$(PROJECT_DIR)";
				INFOPLIST_FILE = Info.plist;
				LIBRARY_SEARCH_PATHS = "$(inherited)";
				OTHER_LDFLAGS = (
					"-lstdc++",
					"-lz",
				);
				PRODUCT_NAME = OpenCVTest;
			};
			name = Debug;
		};
		540723EC0E3DD25B00B598A2 /* Release */ = {
			isa = XCBuildConfiguration;
			buildSettings = {
				ALWAYS_SEARCH_USER_PATHS = NO;
				COPY_PHASE_STRIP = YES;
				GCC_PRECOMPILE_PREFIX_HEADER = YES;
				GCC_PREFIX_HEADER = OpenCVTest_Prefix.pch;
				HEADER_SEARCH_PATHS = "$(PROJECT_DIR)";
				INFOPLIST_FILE = Info.plist;
				LIBRARY_SEARCH_PATHS = "$(inherited)";
				OTHER_LDFLAGS = (
					"-lstdc++",
					"-lz",
				);
				PRODUCT_NAME = OpenCVTest;
			};
			name = Release;
		};
		C01FCF4F08A954540054247B /* Debug */ = {
			isa = XCBuildConfiguration;
			buildSettings = {
				ARCHS = "$(ARCHS_STANDARD_32_64_BIT)";
				"CODE_SIGN_IDENTITY[sdk=iphoneos*]" = "iPhone Developer";
				GCC_C_LANGUAGE_STANDARD = c99;
				GCC_WARN_ABOUT_RETURN_TYPE = YES;
				GCC_WARN_UNUSED_VARIABLE = YES;
				IPHONEOS_DEPLOYMENT_TARGET = 4.3;
				ONLY_ACTIVE_ARCH = NO;
				SDKROOT = iphoneos;
				VALID_ARCHS = "$(ARCHS_STANDARD_32_BIT)";
			};
			name = Debug;
		};
		C01FCF5008A954540054247B /* Release */ = {
			isa = XCBuildConfiguration;
			buildSettings = {
				ARCHS = "$(ARCHS_STANDARD_32_64_BIT)";
				"CODE_SIGN_IDENTITY[sdk=iphoneos*]" = "iPhone Developer";
				GCC_C_LANGUAGE_STANDARD = c99;
				GCC_WARN_ABOUT_RETURN_TYPE = YES;
				GCC_WARN_UNUSED_VARIABLE = YES;
				IPHONEOS_DEPLOYMENT_TARGET = 4.3;
				ONLY_ACTIVE_ARCH = NO;
				SDKROOT = iphoneos;
				VALID_ARCHS = "$(ARCHS_STANDARD_32_BIT)";
			};
			name = Release;
		};
/* End XCBuildConfiguration section */

/* Begin XCConfigurationList section */
		540723EA0E3DD25B00B598A2 /* Build configuration list for PBXNativeTarget "OpenCVTest" */ = {
			isa = XCConfigurationList;
			buildConfigurations = (
				540723EB0E3DD25B00B598A2 /* Debug */,
				540723EC0E3DD25B00B598A2 /* Release */,
			);
			defaultConfigurationIsVisible = 0;
			defaultConfigurationName = Release;
		};
		C01FCF4E08A954540054247B /* Build configuration list for PBXProject "OpenCVTest" */ = {
			isa = XCConfigurationList;
			buildConfigurations = (
				C01FCF4F08A954540054247B /* Debug */,
				C01FCF5008A954540054247B /* Release */,
			);
			defaultConfigurationIsVisible = 0;
			defaultConfigurationName = Release;
		};
/* End XCConfigurationList section */
	};
	rootObject = 29B97313FDCFA39411CA2CEA /* Project object */;
}
